
Microsoft Visual Studio Solution File, Format Version 12.00
# Visual Studio Version 16
VisualStudioVersion = 16.0.30114.105
MinimumVisualStudioVersion = 10.0.40219.1
Project("{FAE04EC0-301F-11D3-BF4B-00C04F79EFBC}") = "API", "API\API.csproj", "{BB0B65F9-C971-4474-8FEC-E9C1700C6A9C}"
EndProject
Project("{FAE04EC0-301F-11D3-BF4B-00C04F79EFBC}") = "Application", "Application\Application.csproj", "{3B65F367-FE54-4827-9107-B0295E4058B9}"
EndProject
Project("{FAE04EC0-301F-11D3-BF4B-00C04F79EFBC}") = "Persistence", "Persistence\Persistence.csproj", "{A3FB4DD6-3AA9-4677-A974-1E31916C2856}"
EndProject
Project("{FAE04EC0-301F-11D3-BF4B-00C04F79EFBC}") = "Domain", "Domain\Domain.csproj", "{DD434BD2-CA69-4F35-8E0A-9364949CD84F}"
EndProject
Global
	GlobalSection(SolutionConfigurationPlatforms) = preSolution
		Debug|Any CPU = Debug|Any CPU
		Debug|x64 = Debug|x64
		Debug|x86 = Debug|x86
		Release|Any CPU = Release|Any CPU
		Release|x64 = Release|x64
		Release|x86 = Release|x86
	EndGlobalSection
	GlobalSection(SolutionProperties) = preSolution
		HideSolutionNode = FALSE
	EndGlobalSection
	GlobalSection(ProjectConfigurationPlatforms) = postSolution
		{BB0B65F9-C971-4474-8FEC-E9C1700C6A9C}.Debug|Any CPU.ActiveCfg = Debug|Any CPU
		{BB0B65F9-C971-4474-8FEC-E9C1700C6A9C}.Debug|Any CPU.Build.0 = Debug|Any CPU
		{BB0B65F9-C971-4474-8FEC-E9C1700C6A9C}.Debug|x64.ActiveCfg = Debug|Any CPU
		{BB0B65F9-C971-4474-8FEC-E9C1700C6A9C}.Debug|x64.Build.0 = Debug|Any CPU
		{BB0B65F9-C971-4474-8FEC-E9C1700C6A9C}.Debug|x86.ActiveCfg = Debug|Any CPU
		{BB0B65F9-C971-4474-8FEC-E9C1700C6A9C}.Debug|x86.Build.0 = Debug|Any CPU
		{BB0B65F9-C971-4474-8FEC-E9C1700C6A9C}.Release|Any CPU.ActiveCfg = Release|Any CPU
		{BB0B65F9-C971-4474-8FEC-E9C1700C6A9C}.Release|Any CPU.Build.0 = Release|Any CPU
		{BB0B65F9-C971-4474-8FEC-E9C1700C6A9C}.Release|x64.ActiveCfg = Release|Any CPU
		{BB0B65F9-C971-4474-8FEC-E9C1700C6A9C}.Release|x64.Build.0 = Release|Any CPU
		{BB0B65F9-C971-4474-8FEC-E9C1700C6A9C}.Release|x86.ActiveCfg = Release|Any CPU
		{BB0B65F9-C971-4474-8FEC-E9C1700C6A9C}.Release|x86.Build.0 = Release|Any CPU
		{3B65F367-FE54-4827-9107-B0295E4058B9}.Debug|Any CPU.ActiveCfg = Debug|Any CPU
		{3B65F367-FE54-4827-9107-B0295E4058B9}.Debug|Any CPU.Build.0 = Debug|Any CPU
		{3B65F367-FE54-4827-9107-B0295E4058B9}.Debug|x64.ActiveCfg = Debug|Any CPU
		{3B65F367-FE54-4827-9107-B0295E4058B9}.Debug|x64.Build.0 = Debug|Any CPU
		{3B65F367-FE54-4827-9107-B0295E4058B9}.Debug|x86.ActiveCfg = Debug|Any CPU
		{3B65F367-FE54-4827-9107-B0295E4058B9}.Debug|x86.Build.0 = Debug|Any CPU
		{3B65F367-FE54-4827-9107-B0295E4058B9}.Release|Any CPU.ActiveCfg = Release|Any CPU
		{3B65F367-FE54-4827-9107-B0295E4058B9}.Release|Any CPU.Build.0 = Release|Any CPU
		{3B65F367-FE54-4827-9107-B0295E4058B9}.Release|x64.ActiveCfg = Release|Any CPU
		{3B65F367-FE54-4827-9107-B0295E4058B9}.Release|x64.Build.0 = Release|Any CPU
		{3B65F367-FE54-4827-9107-B0295E4058B9}.Release|x86.ActiveCfg = Release|Any CPU
		{3B65F367-FE54-4827-9107-B0295E4058B9}.Release|x86.Build.0 = Release|Any CPU
		{A3FB4DD6-3AA9-4677-A974-1E31916C2856}.Debug|Any CPU.ActiveCfg = Debug|Any CPU
		{A3FB4DD6-3AA9-4677-A974-1E31916C2856}.Debug|Any CPU.Build.0 = Debug|Any CPU
		{A3FB4DD6-3AA9-4677-A974-1E31916C2856}.Debug|x64.ActiveCfg = Debug|Any CPU
		{A3FB4DD6-3AA9-4677-A974-1E31916C2856}.Debug|x64.Build.0 = Debug|Any CPU
		{A3FB4DD6-3AA9-4677-A974-1E31916C2856}.Debug|x86.ActiveCfg = Debug|Any CPU
		{A3FB4DD6-3AA9-4677-A974-1E31916C2856}.Debug|x86.Build.0 = Debug|Any CPU
		{A3FB4DD6-3AA9-4677-A974-1E31916C2856}.Release|Any CPU.ActiveCfg = Release|Any CPU
		{A3FB4DD6-3AA9-4677-A974-1E31916C2856}.Release|Any CPU.Build.0 = Release|Any CPU
		{A3FB4DD6-3AA9-4677-A974-1E31916C2856}.Release|x64.ActiveCfg = Release|Any CPU
		{A3FB4DD6-3AA9-4677-A974-1E31916C2856}.Release|x64.Build.0 = Release|Any CPU
		{A3FB4DD6-3AA9-4677-A974-1E31916C2856}.Release|x86.ActiveCfg = Release|Any CPU
		{A3FB4DD6-3AA9-4677-A974-1E31916C2856}.Release|x86.Build.0 = Release|Any CPU
		{DD434BD2-CA69-4F35-8E0A-9364949CD84F}.Debug|Any CPU.ActiveCfg = Debug|Any CPU
		{DD434BD2-CA69-4F35-8E0A-9364949CD84F}.Debug|Any CPU.Build.0 = Debug|Any CPU
		{DD434BD2-CA69-4F35-8E0A-9364949CD84F}.Debug|x64.ActiveCfg = Debug|Any CPU
		{DD434BD2-CA69-4F35-8E0A-9364949CD84F}.Debug|x64.Build.0 = Debug|Any CPU
		{DD434BD2-CA69-4F35-8E0A-9364949CD84F}.Debug|x86.ActiveCfg = Debug|Any CPU
		{DD434BD2-CA69-4F35-8E0A-9364949CD84F}.Debug|x86.Build.0 = Debug|Any CPU
		{DD434BD2-CA69-4F35-8E0A-9364949CD84F}.Release|Any CPU.ActiveCfg = Release|Any CPU
		{DD434BD2-CA69-4F35-8E0A-9364949CD84F}.Release|Any CPU.Build.0 = Release|Any CPU
		{DD434BD2-CA69-4F35-8E0A-9364949CD84F}.Release|x64.ActiveCfg = Release|Any CPU
		{DD434BD2-CA69-4F35-8E0A-9364949CD84F}.Release|x64.Build.0 = Release|Any CPU
		{DD434BD2-CA69-4F35-8E0A-9364949CD84F}.Release|x86.ActiveCfg = Release|Any CPU
		{DD434BD2-CA69-4F35-8E0A-9364949CD84F}.Release|x86.Build.0 = Release|Any CPU
	EndGlobalSection
EndGlobal
